
Microsoft Visual Studio Solution File, Format Version 12.00
# Visual Studio 15
VisualStudioVersion = 15.0.28010.2036
MinimumVisualStudioVersion = 10.0.40219.1
Project("{FAE04EC0-301F-11D3-BF4B-00C04F79EFBC}") = "期刊管理系统", "期刊管理系统\期刊管理系统.csproj", "{89DDF926-7147-4E06-8372-CA3E47C0B514}"
EndProject
Global
	GlobalSection(SolutionConfigurationPlatforms) = preSolution
		Debug|Any CPU = Debug|Any CPU
		Release|Any CPU = Release|Any CPU
	EndGlobalSection
	GlobalSection(ProjectConfigurationPlatforms) = postSolution
		{89DDF926-7147-4E06-8372-CA3E47C0B514}.Debug|Any CPU.ActiveCfg = Debug|Any CPU
		{89DDF926-7147-4E06-8372-CA3E47C0B514}.Debug|Any CPU.Build.0 = Debug|Any CPU
		{89DDF926-7147-4E06-8372-CA3E47C0B514}.Release|Any CPU.ActiveCfg = Release|Any CPU
		{89DDF926-7147-4E06-8372-CA3E47C0B514}.Release|Any CPU.Build.0 = Release|Any CPU
	EndGlobalSection
	GlobalSection(SolutionProperties) = preSolution
		HideSolutionNode = FALSE
	EndGlobalSection
	GlobalSection(ExtensibilityGlobals) = postSolution
		SolutionGuid = {50319F80-7D15-4013-8001-422579814993}
	EndGlobalSection
EndGlobal
